# This file is automatically @generated by Cargo.
# It is not intended for manual editing.
[[package]]
name = "aho-corasick"
version = "0.7.3"
source = "registry+https://github.com/rust-lang/crates.io-index"
dependencies = [
 "memchr 2.2.0 (registry+https://github.com/rust-lang/crates.io-index)",
]

[[package]]
name = "assert_cmd"
version = "0.11.1"
source = "registry+https://github.com/rust-lang/crates.io-index"
dependencies = [
 "escargot 0.4.0 (registry+https://github.com/rust-lang/crates.io-index)",
 "predicates 1.0.1 (registry+https://github.com/rust-lang/crates.io-index)",
 "predicates-core 1.0.0 (registry+https://github.com/rust-lang/crates.io-index)",
 "predicates-tree 1.0.0 (registry+https://github.com/rust-lang/crates.io-index)",
]

[[package]]
name = "autocfg"
version = "0.1.4"
source = "registry+https://github.com/rust-lang/crates.io-index"

[[package]]
name = "cfg-if"
version = "0.1.9"
source = "registry+https://github.com/rust-lang/crates.io-index"

[[package]]
name = "difference"
version = "2.0.0"
source = "registry+https://github.com/rust-lang/crates.io-index"

[[package]]
name = "escargot"
version = "0.4.0"
source = "registry+https://github.com/rust-lang/crates.io-index"
dependencies = [
 "lazy_static 1.3.0 (registry+https://github.com/rust-lang/crates.io-index)",
 "log 0.4.6 (registry+https://github.com/rust-lang/crates.io-index)",
 "serde 1.0.92 (registry+https://github.com/rust-lang/crates.io-index)",
 "serde_json 1.0.39 (registry+https://github.com/rust-lang/crates.io-index)",
]

[[package]]
name = "float-cmp"
version = "0.4.0"
source = "registry+https://github.com/rust-lang/crates.io-index"
dependencies = [
 "num-traits 0.2.8 (registry+https://github.com/rust-lang/crates.io-index)",
]

[[package]]
name = "itoa"
version = "0.4.4"
source = "registry+https://github.com/rust-lang/crates.io-index"

[[package]]
name = "kvs"
version = "0.1.0"
dependencies = [
 "assert_cmd 0.11.1 (registry+https://github.com/rust-lang/crates.io-index)",
 "predicates 1.0.1 (registry+https://github.com/rust-lang/crates.io-index)",
]

[[package]]
name = "lazy_static"
version = "1.3.0"
source = "registry+https://github.com/rust-lang/crates.io-index"

[[package]]
name = "log"
version = "0.4.6"
source = "registry+https://github.com/rust-lang/crates.io-index"
dependencies = [
 "cfg-if 0.1.9 (registry+https://github.com/rust-lang/crates.io-index)",
]

[[package]]
name = "memchr"
version = "2.2.0"
source = "registry+https://github.com/rust-lang/crates.io-index"

[[package]]
name = "normalize-line-endings"
version = "0.2.2"
source = "registry+https://github.com/rust-lang/crates.io-index"

[[package]]
name = "num-traits"
version = "0.2.8"
source = "registry+https://github.com/rust-lang/crates.io-index"
dependencies = [
 "autocfg 0.1.4 (registry+https://github.com/rust-lang/crates.io-index)",
]

[[package]]
name = "predicates"
version = "1.0.1"
source = "registry+https://github.com/rust-lang/crates.io-index"
dependencies = [
 "difference 2.0.0 (registry+https://github.com/rust-lang/crates.io-index)",
 "float-cmp 0.4.0 (registry+https://github.com/rust-lang/crates.io-index)",
 "normalize-line-endings 0.2.2 (registry+https://github.com/rust-lang/crates.io-index)",
 "predicates-core 1.0.0 (registry+https://github.com/rust-lang/crates.io-index)",
 "regex 1.1.7 (registry+https://github.com/rust-lang/crates.io-index)",
]

[[package]]
name = "predicates-core"
version = "1.0.0"
source = "registry+https://github.com/rust-lang/crates.io-index"

[[package]]
name = "predicates-tree"
version = "1.0.0"
source = "registry+https://github.com/rust-lang/crates.io-index"
dependencies = [
 "predicates-core 1.0.0 (registry+https://github.com/rust-lang/crates.io-index)",
 "treeline 0.1.0 (registry+https://github.com/rust-lang/crates.io-index)",
]

[[package]]
name = "proc-macro2"
version = "0.4.30"
source = "registry+https://github.com/rust-lang/crates.io-index"
dependencies = [
 "unicode-xid 0.1.0 (registry+https://github.com/rust-lang/crates.io-index)",
]

[[package]]
name = "quote"
version = "0.6.12"
source = "registry+https://github.com/rust-lang/crates.io-index"
dependencies = [
 "proc-macro2 0.4.30 (registry+https://github.com/rust-lang/crates.io-index)",
]

[[package]]
name = "regex"
version = "1.1.7"
source = "registry+https://github.com/rust-lang/crates.io-index"
dependencies = [
 "aho-corasick 0.7.3 (registry+https://github.com/rust-lang/crates.io-index)",
 "memchr 2.2.0 (registry+https://github.com/rust-lang/crates.io-index)",
 "regex-syntax 0.6.7 (registry+https://github.com/rust-lang/crates.io-index)",
 "thread_local 0.3.6 (registry+https://github.com/rust-lang/crates.io-index)",
 "utf8-ranges 1.0.3 (registry+https://github.com/rust-lang/crates.io-index)",
]

[[package]]
name = "regex-syntax"
version = "0.6.7"
source = "registry+https://github.com/rust-lang/crates.io-index"
dependencies = [
 "ucd-util 0.1.3 (registry+https://github.com/rust-lang/crates.io-index)",
]

[[package]]
name = "ryu"
version = "0.2.8"
source = "registry+https://github.com/rust-lang/crates.io-index"

[[package]]
name = "serde"
version = "1.0.92"
source = "registry+https://github.com/rust-lang/crates.io-index"
dependencies = [
 "serde_derive 1.0.92 (registry+https://github.com/rust-lang/crates.io-index)",
]

[[package]]
name = "serde_derive"
version = "1.0.92"
source = "registry+https://github.com/rust-lang/crates.io-index"
dependencies = [
 "proc-macro2 0.4.30 (registry+https://github.com/rust-lang/crates.io-index)",
 "quote 0.6.12 (registry+https://github.com/rust-lang/crates.io-index)",
 "syn 0.15.35 (registry+https://github.com/rust-lang/crates.io-index)",
]

[[package]]
name = "serde_json"
version = "1.0.39"
source = "registry+https://github.com/rust-lang/crates.io-index"
dependencies = [
 "itoa 0.4.4 (registry+https://github.com/rust-lang/crates.io-index)",
 "ryu 0.2.8 (registry+https://github.com/rust-lang/crates.io-index)",
 "serde 1.0.92 (registry+https://github.com/rust-lang/crates.io-index)",
]

[[package]]
name = "syn"
version = "0.15.35"
source = "registry+https://github.com/rust-lang/crates.io-index"
dependencies = [
 "proc-macro2 0.4.30 (registry+https://github.com/rust-lang/crates.io-index)",
 "quote 0.6.12 (registry+https://github.com/rust-lang/crates.io-index)",
 "unicode-xid 0.1.0 (registry+https://github.com/rust-lang/crates.io-index)",
]

[[package]]
name = "thread_local"
version = "0.3.6"
source = "registry+https://github.com/rust-lang/crates.io-index"
dependencies = [
 "lazy_static 1.3.0 (registry+https://github.com/rust-lang/crates.io-index)",
]

[[package]]
name = "treeline"
version = "0.1.0"
source = "registry+https://github.com/rust-lang/crates.io-index"

[[package]]
name = "ucd-util"
version = "0.1.3"
source = "registry+https://github.com/rust-lang/crates.io-index"

[[package]]
name = "unicode-xid"
version = "0.1.0"
source = "registry+https://github.com/rust-lang/crates.io-index"

[[package]]
name = "utf8-ranges"
version = "1.0.3"
source = "registry+https://github.com/rust-lang/crates.io-index"

[metadata]
"checksum aho-corasick 0.7.3 (registry+https://github.com/rust-lang/crates.io-index)" = "e6f484ae0c99fec2e858eb6134949117399f222608d84cadb3f58c1f97c2364c"
"checksum assert_cmd 0.11.1 (registry+https://github.com/rust-lang/crates.io-index)" = "2dc477793bd82ec39799b6f6b3df64938532fdf2ab0d49ef817eac65856a5a1e"
"checksum autocfg 0.1.4 (registry+https://github.com/rust-lang/crates.io-index)" = "0e49efa51329a5fd37e7c79db4621af617cd4e3e5bc224939808d076077077bf"
"checksum cfg-if 0.1.9 (registry+https://github.com/rust-lang/crates.io-index)" = "b486ce3ccf7ffd79fdeb678eac06a9e6c09fc88d33836340becb8fffe87c5e33"
"checksum difference 2.0.0 (registry+https://github.com/rust-lang/crates.io-index)" = "524cbf6897b527295dff137cec09ecf3a05f4fddffd7dfcd1585403449e74198"
"checksum escargot 0.4.0 (registry+https://github.com/rust-lang/crates.io-index)" = "ceb9adbf9874d5d028b5e4c5739d22b71988252b25c9c98fe7cf9738bee84597"
"checksum float-cmp 0.4.0 (registry+https://github.com/rust-lang/crates.io-index)" = "134a8fa843d80a51a5b77d36d42bc2def9edcb0262c914861d08129fd1926600"
"checksum itoa 0.4.4 (registry+https://github.com/rust-lang/crates.io-index)" = "501266b7edd0174f8530248f87f99c88fbe60ca4ef3dd486835b8d8d53136f7f"
"checksum lazy_static 1.3.0 (registry+https://github.com/rust-lang/crates.io-index)" = "bc5729f27f159ddd61f4df6228e827e86643d4d3e7c32183cb30a1c08f604a14"
"checksum log 0.4.6 (registry+https://github.com/rust-lang/crates.io-index)" = "c84ec4b527950aa83a329754b01dbe3f58361d1c5efacd1f6d68c494d08a17c6"
"checksum memchr 2.2.0 (registry+https://github.com/rust-lang/crates.io-index)" = "2efc7bc57c883d4a4d6e3246905283d8dae951bb3bd32f49d6ef297f546e1c39"
"checksum normalize-line-endings 0.2.2 (registry+https://github.com/rust-lang/crates.io-index)" = "2e0a1a39eab95caf4f5556da9289b9e68f0aafac901b2ce80daaf020d3b733a8"
"checksum num-traits 0.2.8 (registry+https://github.com/rust-lang/crates.io-index)" = "6ba9a427cfca2be13aa6f6403b0b7e7368fe982bfa16fccc450ce74c46cd9b32"
"checksum predicates 1.0.1 (registry+https://github.com/rust-lang/crates.io-index)" = "53e09015b0d3f5a0ec2d4428f7559bb7b3fff341b4e159fedd1d57fac8b939ff"
"checksum predicates-core 1.0.0 (registry+https://github.com/rust-lang/crates.io-index)" = "06075c3a3e92559ff8929e7a280684489ea27fe44805174c3ebd9328dcb37178"
"checksum predicates-tree 1.0.0 (registry+https://github.com/rust-lang/crates.io-index)" = "8e63c4859013b38a76eca2414c64911fba30def9e3202ac461a2d22831220124"
"checksum proc-macro2 0.4.30 (registry+https://github.com/rust-lang/crates.io-index)" = "cf3d2011ab5c909338f7887f4fc896d35932e29146c12c8d01da6b22a80ba759"
"checksum quote 0.6.12 (registry+https://github.com/rust-lang/crates.io-index)" = "faf4799c5d274f3868a4aae320a0a182cbd2baee377b378f080e16a23e9d80db"
"checksum regex 1.1.7 (registry+https://github.com/rust-lang/crates.io-index)" = "0b2f0808e7d7e4fb1cb07feb6ff2f4bc827938f24f8c2e6a3beb7370af544bdd"
"checksum regex-syntax 0.6.7 (registry+https://github.com/rust-lang/crates.io-index)" = "9d76410686f9e3a17f06128962e0ecc5755870bb890c34820c7af7f1db2e1d48"
"checksum ryu 0.2.8 (registry+https://github.com/rust-lang/crates.io-index)" = "b96a9549dc8d48f2c283938303c4b5a77aa29bfbc5b54b084fb1630408899a8f"
"checksum serde 1.0.92 (registry+https://github.com/rust-lang/crates.io-index)" = "32746bf0f26eab52f06af0d0aa1984f641341d06d8d673c693871da2d188c9be"
"checksum serde_derive 1.0.92 (registry+https://github.com/rust-lang/crates.io-index)" = "46a3223d0c9ba936b61c0d2e3e559e3217dbfb8d65d06d26e8b3c25de38bae3e"
"checksum serde_json 1.0.39 (registry+https://github.com/rust-lang/crates.io-index)" = "5a23aa71d4a4d43fdbfaac00eff68ba8a06a51759a89ac3304323e800c4dd40d"
"checksum syn 0.15.35 (registry+https://github.com/rust-lang/crates.io-index)" = "641e117d55514d6d918490e47102f7e08d096fdde360247e4a10f7a91a8478d3"
"checksum thread_local 0.3.6 (registry+https://github.com/rust-lang/crates.io-index)" = "c6b53e329000edc2b34dbe8545fd20e55a333362d0a321909685a19bd28c3f1b"
"checksum treeline 0.1.0 (registry+https://github.com/rust-lang/crates.io-index)" = "a7f741b240f1a48843f9b8e0444fb55fb2a4ff67293b50a9179dfd5ea67f8d41"
"checksum ucd-util 0.1.3 (registry+https://github.com/rust-lang/crates.io-index)" = "535c204ee4d8434478593480b8f86ab45ec9aae0e83c568ca81abf0fd0e88f86"
"checksum unicode-xid 0.1.0 (registry+https://github.com/rust-lang/crates.io-index)" = "fc72304796d0818e357ead4e000d19c9c174ab23dc11093ac919054d20a6a7fc"
"checksum utf8-ranges 1.0.3 (registry+https://github.com/rust-lang/crates.io-index)" = "9d50aa7650df78abf942826607c62468ce18d9019673d4a2ebe1865dbb96ffde"
