# This file is automatically @generated by Cargo.
# It is not intended for manual editing.
[[package]]
name = "aho-corasick"
version = "0.7.6"
source = "registry+https://github.com/rust-lang/crates.io-index"
dependencies = [
 "memchr 2.2.1 (registry+https://github.com/rust-lang/crates.io-index)",
]

[[package]]
name = "atty"
version = "0.2.13"
source = "registry+https://github.com/rust-lang/crates.io-index"
dependencies = [
 "libc 0.2.66 (registry+https://github.com/rust-lang/crates.io-index)",
 "winapi 0.3.8 (registry+https://github.com/rust-lang/crates.io-index)",
]

[[package]]
name = "autocfg"
version = "0.1.7"
source = "registry+https://github.com/rust-lang/crates.io-index"

[[package]]
name = "backtrace"
version = "0.3.40"
source = "registry+https://github.com/rust-lang/crates.io-index"
dependencies = [
 "backtrace-sys 0.1.32 (registry+https://github.com/rust-lang/crates.io-index)",
 "cfg-if 0.1.10 (registry+https://github.com/rust-lang/crates.io-index)",
 "libc 0.2.66 (registry+https://github.com/rust-lang/crates.io-index)",
 "rustc-demangle 0.1.16 (registry+https://github.com/rust-lang/crates.io-index)",
]

[[package]]
name = "backtrace-sys"
version = "0.1.32"
source = "registry+https://github.com/rust-lang/crates.io-index"
dependencies = [
 "cc 1.0.48 (registry+https://github.com/rust-lang/crates.io-index)",
 "libc 0.2.66 (registry+https://github.com/rust-lang/crates.io-index)",
]

[[package]]
name = "byteorder"
version = "1.3.2"
source = "registry+https://github.com/rust-lang/crates.io-index"

[[package]]
name = "bytes"
version = "0.4.12"
source = "registry+https://github.com/rust-lang/crates.io-index"
dependencies = [
 "byteorder 1.3.2 (registry+https://github.com/rust-lang/crates.io-index)",
 "iovec 0.1.4 (registry+https://github.com/rust-lang/crates.io-index)",
]

[[package]]
name = "c2-chacha"
version = "0.2.3"
source = "registry+https://github.com/rust-lang/crates.io-index"
dependencies = [
 "ppv-lite86 0.2.6 (registry+https://github.com/rust-lang/crates.io-index)",
]

[[package]]
name = "cc"
version = "1.0.48"
source = "registry+https://github.com/rust-lang/crates.io-index"

[[package]]
name = "cfg-if"
version = "0.1.10"
source = "registry+https://github.com/rust-lang/crates.io-index"

[[package]]
name = "crossbeam-deque"
version = "0.7.2"
source = "registry+https://github.com/rust-lang/crates.io-index"
dependencies = [
 "crossbeam-epoch 0.8.0 (registry+https://github.com/rust-lang/crates.io-index)",
 "crossbeam-utils 0.7.0 (registry+https://github.com/rust-lang/crates.io-index)",
]

[[package]]
name = "crossbeam-epoch"
version = "0.8.0"
source = "registry+https://github.com/rust-lang/crates.io-index"
dependencies = [
 "autocfg 0.1.7 (registry+https://github.com/rust-lang/crates.io-index)",
 "cfg-if 0.1.10 (registry+https://github.com/rust-lang/crates.io-index)",
 "crossbeam-utils 0.7.0 (registry+https://github.com/rust-lang/crates.io-index)",
 "lazy_static 1.4.0 (registry+https://github.com/rust-lang/crates.io-index)",
 "memoffset 0.5.3 (registry+https://github.com/rust-lang/crates.io-index)",
 "scopeguard 1.0.0 (registry+https://github.com/rust-lang/crates.io-index)",
]

[[package]]
name = "crossbeam-queue"
version = "0.2.1"
source = "registry+https://github.com/rust-lang/crates.io-index"
dependencies = [
 "cfg-if 0.1.10 (registry+https://github.com/rust-lang/crates.io-index)",
 "crossbeam-utils 0.7.0 (registry+https://github.com/rust-lang/crates.io-index)",
]

[[package]]
name = "crossbeam-utils"
version = "0.7.0"
source = "registry+https://github.com/rust-lang/crates.io-index"
dependencies = [
 "autocfg 0.1.7 (registry+https://github.com/rust-lang/crates.io-index)",
 "cfg-if 0.1.10 (registry+https://github.com/rust-lang/crates.io-index)",
 "lazy_static 1.4.0 (registry+https://github.com/rust-lang/crates.io-index)",
]

[[package]]
name = "either"
version = "1.5.3"
source = "registry+https://github.com/rust-lang/crates.io-index"

[[package]]
name = "env_logger"
version = "0.6.2"
source = "registry+https://github.com/rust-lang/crates.io-index"
dependencies = [
 "atty 0.2.13 (registry+https://github.com/rust-lang/crates.io-index)",
 "humantime 1.3.0 (registry+https://github.com/rust-lang/crates.io-index)",
 "log 0.4.8 (registry+https://github.com/rust-lang/crates.io-index)",
 "regex 1.3.1 (registry+https://github.com/rust-lang/crates.io-index)",
 "termcolor 1.0.5 (registry+https://github.com/rust-lang/crates.io-index)",
]

[[package]]
name = "failure"
version = "0.1.6"
source = "registry+https://github.com/rust-lang/crates.io-index"
dependencies = [
 "backtrace 0.3.40 (registry+https://github.com/rust-lang/crates.io-index)",
 "failure_derive 0.1.6 (registry+https://github.com/rust-lang/crates.io-index)",
]

[[package]]
name = "failure_derive"
version = "0.1.6"
source = "registry+https://github.com/rust-lang/crates.io-index"
dependencies = [
 "proc-macro2 1.0.8 (registry+https://github.com/rust-lang/crates.io-index)",
 "quote 1.0.2 (registry+https://github.com/rust-lang/crates.io-index)",
 "syn 1.0.14 (registry+https://github.com/rust-lang/crates.io-index)",
 "synstructure 0.12.3 (registry+https://github.com/rust-lang/crates.io-index)",
]

[[package]]
name = "fixedbitset"
version = "0.1.9"
source = "registry+https://github.com/rust-lang/crates.io-index"

[[package]]
name = "fuchsia-cprng"
version = "0.1.1"
source = "registry+https://github.com/rust-lang/crates.io-index"

[[package]]
name = "futures"
version = "0.1.29"
source = "registry+https://github.com/rust-lang/crates.io-index"

[[package]]
name = "futures-cpupool"
version = "0.1.8"
source = "registry+https://github.com/rust-lang/crates.io-index"
dependencies = [
 "futures 0.1.29 (registry+https://github.com/rust-lang/crates.io-index)",
 "num_cpus 1.11.1 (registry+https://github.com/rust-lang/crates.io-index)",
]

[[package]]
name = "futures-timer"
version = "0.1.1"
source = "registry+https://github.com/rust-lang/crates.io-index"
dependencies = [
 "futures 0.1.29 (registry+https://github.com/rust-lang/crates.io-index)",
]

[[package]]
name = "getrandom"
version = "0.1.13"
source = "registry+https://github.com/rust-lang/crates.io-index"
dependencies = [
 "cfg-if 0.1.10 (registry+https://github.com/rust-lang/crates.io-index)",
 "libc 0.2.66 (registry+https://github.com/rust-lang/crates.io-index)",
 "wasi 0.7.0 (registry+https://github.com/rust-lang/crates.io-index)",
]

[[package]]
name = "hashbrown"
version = "0.1.8"
source = "registry+https://github.com/rust-lang/crates.io-index"
dependencies = [
 "byteorder 1.3.2 (registry+https://github.com/rust-lang/crates.io-index)",
 "scopeguard 0.3.3 (registry+https://github.com/rust-lang/crates.io-index)",
]

[[package]]
name = "heck"
version = "0.3.1"
source = "registry+https://github.com/rust-lang/crates.io-index"
dependencies = [
 "unicode-segmentation 1.6.0 (registry+https://github.com/rust-lang/crates.io-index)",
]

[[package]]
name = "hermit-abi"
version = "0.1.5"
source = "registry+https://github.com/rust-lang/crates.io-index"
dependencies = [
 "libc 0.2.66 (registry+https://github.com/rust-lang/crates.io-index)",
]

[[package]]
name = "humantime"
version = "1.3.0"
source = "registry+https://github.com/rust-lang/crates.io-index"
dependencies = [
 "quick-error 1.2.2 (registry+https://github.com/rust-lang/crates.io-index)",
]

[[package]]
name = "iovec"
version = "0.1.4"
source = "registry+https://github.com/rust-lang/crates.io-index"
dependencies = [
 "libc 0.2.66 (registry+https://github.com/rust-lang/crates.io-index)",
]

[[package]]
name = "itertools"
version = "0.8.2"
source = "registry+https://github.com/rust-lang/crates.io-index"
dependencies = [
 "either 1.5.3 (registry+https://github.com/rust-lang/crates.io-index)",
]

[[package]]
name = "labcodec"
version = "0.1.0"
dependencies = [
 "bytes 0.4.12 (registry+https://github.com/rust-lang/crates.io-index)",
 "prost 0.5.0 (registry+https://github.com/rust-lang/crates.io-index)",
 "prost-build 0.5.0 (registry+https://github.com/rust-lang/crates.io-index)",
 "prost-derive 0.5.0 (registry+https://github.com/rust-lang/crates.io-index)",
]

[[package]]
name = "labrpc"
version = "0.1.0"
dependencies = [
 "bytes 0.4.12 (registry+https://github.com/rust-lang/crates.io-index)",
 "env_logger 0.6.2 (registry+https://github.com/rust-lang/crates.io-index)",
 "futures 0.1.29 (registry+https://github.com/rust-lang/crates.io-index)",
 "futures-cpupool 0.1.8 (registry+https://github.com/rust-lang/crates.io-index)",
 "futures-timer 0.1.1 (registry+https://github.com/rust-lang/crates.io-index)",
 "hashbrown 0.1.8 (registry+https://github.com/rust-lang/crates.io-index)",
 "labcodec 0.1.0",
 "log 0.4.8 (registry+https://github.com/rust-lang/crates.io-index)",
 "prost 0.5.0 (registry+https://github.com/rust-lang/crates.io-index)",
 "prost-derive 0.5.0 (registry+https://github.com/rust-lang/crates.io-index)",
 "rand 0.4.6 (registry+https://github.com/rust-lang/crates.io-index)",
]

[[package]]
name = "lazy_static"
version = "1.4.0"
source = "registry+https://github.com/rust-lang/crates.io-index"

[[package]]
name = "libc"
version = "0.2.66"
source = "registry+https://github.com/rust-lang/crates.io-index"

[[package]]
name = "linearizability"
version = "0.1.0"
dependencies = [
 "lazy_static 1.4.0 (registry+https://github.com/rust-lang/crates.io-index)",
 "regex 1.3.1 (registry+https://github.com/rust-lang/crates.io-index)",
]

[[package]]
name = "log"
version = "0.4.8"
source = "registry+https://github.com/rust-lang/crates.io-index"
dependencies = [
 "cfg-if 0.1.10 (registry+https://github.com/rust-lang/crates.io-index)",
]

[[package]]
name = "memchr"
version = "2.2.1"
source = "registry+https://github.com/rust-lang/crates.io-index"

[[package]]
name = "memoffset"
version = "0.5.3"
source = "registry+https://github.com/rust-lang/crates.io-index"
dependencies = [
 "rustc_version 0.2.3 (registry+https://github.com/rust-lang/crates.io-index)",
]

[[package]]
name = "multimap"
version = "0.4.0"
source = "registry+https://github.com/rust-lang/crates.io-index"

[[package]]
name = "num_cpus"
version = "1.11.1"
source = "registry+https://github.com/rust-lang/crates.io-index"
dependencies = [
 "hermit-abi 0.1.5 (registry+https://github.com/rust-lang/crates.io-index)",
 "libc 0.2.66 (registry+https://github.com/rust-lang/crates.io-index)",
]

[[package]]
name = "percolator"
version = "0.1.0"
dependencies = [
 "bytes 0.4.12 (registry+https://github.com/rust-lang/crates.io-index)",
 "env_logger 0.6.2 (registry+https://github.com/rust-lang/crates.io-index)",
 "futures 0.1.29 (registry+https://github.com/rust-lang/crates.io-index)",
 "futures-timer 0.1.1 (registry+https://github.com/rust-lang/crates.io-index)",
 "labcodec 0.1.0",
 "labrpc 0.1.0",
 "log 0.4.8 (registry+https://github.com/rust-lang/crates.io-index)",
 "prost 0.5.0 (registry+https://github.com/rust-lang/crates.io-index)",
 "prost-build 0.5.0 (registry+https://github.com/rust-lang/crates.io-index)",
 "prost-derive 0.5.0 (registry+https://github.com/rust-lang/crates.io-index)",
]

[[package]]
name = "petgraph"
version = "0.4.13"
source = "registry+https://github.com/rust-lang/crates.io-index"
dependencies = [
 "fixedbitset 0.1.9 (registry+https://github.com/rust-lang/crates.io-index)",
]

[[package]]
name = "ppv-lite86"
version = "0.2.6"
source = "registry+https://github.com/rust-lang/crates.io-index"

[[package]]
name = "proc-macro2"
version = "0.4.30"
source = "registry+https://github.com/rust-lang/crates.io-index"
dependencies = [
 "unicode-xid 0.1.0 (registry+https://github.com/rust-lang/crates.io-index)",
]

[[package]]
name = "proc-macro2"
version = "1.0.8"
source = "registry+https://github.com/rust-lang/crates.io-index"
dependencies = [
 "unicode-xid 0.2.0 (registry+https://github.com/rust-lang/crates.io-index)",
]

[[package]]
name = "prost"
version = "0.5.0"
source = "registry+https://github.com/rust-lang/crates.io-index"
dependencies = [
 "byteorder 1.3.2 (registry+https://github.com/rust-lang/crates.io-index)",
 "bytes 0.4.12 (registry+https://github.com/rust-lang/crates.io-index)",
 "prost-derive 0.5.0 (registry+https://github.com/rust-lang/crates.io-index)",
]

[[package]]
name = "prost-build"
version = "0.5.0"
source = "registry+https://github.com/rust-lang/crates.io-index"
dependencies = [
 "bytes 0.4.12 (registry+https://github.com/rust-lang/crates.io-index)",
 "heck 0.3.1 (registry+https://github.com/rust-lang/crates.io-index)",
 "itertools 0.8.2 (registry+https://github.com/rust-lang/crates.io-index)",
 "log 0.4.8 (registry+https://github.com/rust-lang/crates.io-index)",
 "multimap 0.4.0 (registry+https://github.com/rust-lang/crates.io-index)",
 "petgraph 0.4.13 (registry+https://github.com/rust-lang/crates.io-index)",
 "prost 0.5.0 (registry+https://github.com/rust-lang/crates.io-index)",
 "prost-types 0.5.0 (registry+https://github.com/rust-lang/crates.io-index)",
 "tempfile 3.1.0 (registry+https://github.com/rust-lang/crates.io-index)",
 "which 2.0.1 (registry+https://github.com/rust-lang/crates.io-index)",
]

[[package]]
name = "prost-derive"
version = "0.5.0"
source = "registry+https://github.com/rust-lang/crates.io-index"
dependencies = [
 "failure 0.1.6 (registry+https://github.com/rust-lang/crates.io-index)",
 "itertools 0.8.2 (registry+https://github.com/rust-lang/crates.io-index)",
 "proc-macro2 0.4.30 (registry+https://github.com/rust-lang/crates.io-index)",
 "quote 0.6.13 (registry+https://github.com/rust-lang/crates.io-index)",
 "syn 0.15.44 (registry+https://github.com/rust-lang/crates.io-index)",
]

[[package]]
name = "prost-types"
version = "0.5.0"
source = "registry+https://github.com/rust-lang/crates.io-index"
dependencies = [
 "bytes 0.4.12 (registry+https://github.com/rust-lang/crates.io-index)",
 "prost 0.5.0 (registry+https://github.com/rust-lang/crates.io-index)",
]

[[package]]
name = "quick-error"
version = "1.2.2"
source = "registry+https://github.com/rust-lang/crates.io-index"

[[package]]
name = "quote"
version = "0.6.13"
source = "registry+https://github.com/rust-lang/crates.io-index"
dependencies = [
 "proc-macro2 0.4.30 (registry+https://github.com/rust-lang/crates.io-index)",
]

[[package]]
name = "quote"
version = "1.0.2"
source = "registry+https://github.com/rust-lang/crates.io-index"
dependencies = [
 "proc-macro2 1.0.8 (registry+https://github.com/rust-lang/crates.io-index)",
]

[[package]]
name = "raft"
version = "0.1.0"
dependencies = [
 "bytes 0.4.12 (registry+https://github.com/rust-lang/crates.io-index)",
 "env_logger 0.6.2 (registry+https://github.com/rust-lang/crates.io-index)",
 "failure 0.1.6 (registry+https://github.com/rust-lang/crates.io-index)",
 "futures 0.1.29 (registry+https://github.com/rust-lang/crates.io-index)",
 "futures-timer 0.1.1 (registry+https://github.com/rust-lang/crates.io-index)",
 "labcodec 0.1.0",
 "labrpc 0.1.0",
 "linearizability 0.1.0",
 "log 0.4.8 (registry+https://github.com/rust-lang/crates.io-index)",
 "prost 0.5.0 (registry+https://github.com/rust-lang/crates.io-index)",
 "prost-build 0.5.0 (registry+https://github.com/rust-lang/crates.io-index)",
 "prost-derive 0.5.0 (registry+https://github.com/rust-lang/crates.io-index)",
 "rand 0.4.6 (registry+https://github.com/rust-lang/crates.io-index)",
 "rayon 1.3.0 (registry+https://github.com/rust-lang/crates.io-index)",
 "uuid 0.8.1 (registry+https://github.com/rust-lang/crates.io-index)",
]

[[package]]
name = "rand"
version = "0.4.6"
source = "registry+https://github.com/rust-lang/crates.io-index"
dependencies = [
 "fuchsia-cprng 0.1.1 (registry+https://github.com/rust-lang/crates.io-index)",
 "libc 0.2.66 (registry+https://github.com/rust-lang/crates.io-index)",
 "rand_core 0.3.1 (registry+https://github.com/rust-lang/crates.io-index)",
 "rdrand 0.4.0 (registry+https://github.com/rust-lang/crates.io-index)",
 "winapi 0.3.8 (registry+https://github.com/rust-lang/crates.io-index)",
]

[[package]]
name = "rand"
version = "0.7.2"
source = "registry+https://github.com/rust-lang/crates.io-index"
dependencies = [
 "getrandom 0.1.13 (registry+https://github.com/rust-lang/crates.io-index)",
 "libc 0.2.66 (registry+https://github.com/rust-lang/crates.io-index)",
 "rand_chacha 0.2.1 (registry+https://github.com/rust-lang/crates.io-index)",
 "rand_core 0.5.1 (registry+https://github.com/rust-lang/crates.io-index)",
 "rand_hc 0.2.0 (registry+https://github.com/rust-lang/crates.io-index)",
]

[[package]]
name = "rand_chacha"
version = "0.2.1"
source = "registry+https://github.com/rust-lang/crates.io-index"
dependencies = [
 "c2-chacha 0.2.3 (registry+https://github.com/rust-lang/crates.io-index)",
 "rand_core 0.5.1 (registry+https://github.com/rust-lang/crates.io-index)",
]

[[package]]
name = "rand_core"
version = "0.3.1"
source = "registry+https://github.com/rust-lang/crates.io-index"
dependencies = [
 "rand_core 0.4.2 (registry+https://github.com/rust-lang/crates.io-index)",
]

[[package]]
name = "rand_core"
version = "0.4.2"
source = "registry+https://github.com/rust-lang/crates.io-index"

[[package]]
name = "rand_core"
version = "0.5.1"
source = "registry+https://github.com/rust-lang/crates.io-index"
dependencies = [
 "getrandom 0.1.13 (registry+https://github.com/rust-lang/crates.io-index)",
]

[[package]]
name = "rand_hc"
version = "0.2.0"
source = "registry+https://github.com/rust-lang/crates.io-index"
dependencies = [
 "rand_core 0.5.1 (registry+https://github.com/rust-lang/crates.io-index)",
]

[[package]]
name = "rayon"
version = "1.3.0"
source = "registry+https://github.com/rust-lang/crates.io-index"
dependencies = [
 "crossbeam-deque 0.7.2 (registry+https://github.com/rust-lang/crates.io-index)",
 "either 1.5.3 (registry+https://github.com/rust-lang/crates.io-index)",
 "rayon-core 1.7.0 (registry+https://github.com/rust-lang/crates.io-index)",
]

[[package]]
name = "rayon-core"
version = "1.7.0"
source = "registry+https://github.com/rust-lang/crates.io-index"
dependencies = [
 "crossbeam-deque 0.7.2 (registry+https://github.com/rust-lang/crates.io-index)",
 "crossbeam-queue 0.2.1 (registry+https://github.com/rust-lang/crates.io-index)",
 "crossbeam-utils 0.7.0 (registry+https://github.com/rust-lang/crates.io-index)",
 "lazy_static 1.4.0 (registry+https://github.com/rust-lang/crates.io-index)",
 "num_cpus 1.11.1 (registry+https://github.com/rust-lang/crates.io-index)",
]

[[package]]
name = "rdrand"
version = "0.4.0"
source = "registry+https://github.com/rust-lang/crates.io-index"
dependencies = [
 "rand_core 0.3.1 (registry+https://github.com/rust-lang/crates.io-index)",
]

[[package]]
name = "redox_syscall"
version = "0.1.56"
source = "registry+https://github.com/rust-lang/crates.io-index"

[[package]]
name = "regex"
version = "1.3.1"
source = "registry+https://github.com/rust-lang/crates.io-index"
dependencies = [
 "aho-corasick 0.7.6 (registry+https://github.com/rust-lang/crates.io-index)",
 "memchr 2.2.1 (registry+https://github.com/rust-lang/crates.io-index)",
 "regex-syntax 0.6.12 (registry+https://github.com/rust-lang/crates.io-index)",
 "thread_local 0.3.6 (registry+https://github.com/rust-lang/crates.io-index)",
]

[[package]]
name = "regex-syntax"
version = "0.6.12"
source = "registry+https://github.com/rust-lang/crates.io-index"

[[package]]
name = "remove_dir_all"
version = "0.5.2"
source = "registry+https://github.com/rust-lang/crates.io-index"
dependencies = [
 "winapi 0.3.8 (registry+https://github.com/rust-lang/crates.io-index)",
]

[[package]]
name = "rustc-demangle"
version = "0.1.16"
source = "registry+https://github.com/rust-lang/crates.io-index"

[[package]]
name = "rustc_version"
version = "0.2.3"
source = "registry+https://github.com/rust-lang/crates.io-index"
dependencies = [
 "semver 0.9.0 (registry+https://github.com/rust-lang/crates.io-index)",
]

[[package]]
name = "scopeguard"
version = "0.3.3"
source = "registry+https://github.com/rust-lang/crates.io-index"

[[package]]
name = "scopeguard"
version = "1.0.0"
source = "registry+https://github.com/rust-lang/crates.io-index"

[[package]]
name = "semver"
version = "0.9.0"
source = "registry+https://github.com/rust-lang/crates.io-index"
dependencies = [
 "semver-parser 0.7.0 (registry+https://github.com/rust-lang/crates.io-index)",
]

[[package]]
name = "semver-parser"
version = "0.7.0"
source = "registry+https://github.com/rust-lang/crates.io-index"

[[package]]
name = "syn"
version = "0.15.44"
source = "registry+https://github.com/rust-lang/crates.io-index"
dependencies = [
 "proc-macro2 0.4.30 (registry+https://github.com/rust-lang/crates.io-index)",
 "quote 0.6.13 (registry+https://github.com/rust-lang/crates.io-index)",
 "unicode-xid 0.1.0 (registry+https://github.com/rust-lang/crates.io-index)",
]

[[package]]
name = "syn"
version = "1.0.14"
source = "registry+https://github.com/rust-lang/crates.io-index"
dependencies = [
 "proc-macro2 1.0.8 (registry+https://github.com/rust-lang/crates.io-index)",
 "quote 1.0.2 (registry+https://github.com/rust-lang/crates.io-index)",
 "unicode-xid 0.2.0 (registry+https://github.com/rust-lang/crates.io-index)",
]

[[package]]
name = "synstructure"
version = "0.12.3"
source = "registry+https://github.com/rust-lang/crates.io-index"
dependencies = [
 "proc-macro2 1.0.8 (registry+https://github.com/rust-lang/crates.io-index)",
 "quote 1.0.2 (registry+https://github.com/rust-lang/crates.io-index)",
 "syn 1.0.14 (registry+https://github.com/rust-lang/crates.io-index)",
 "unicode-xid 0.2.0 (registry+https://github.com/rust-lang/crates.io-index)",
]

[[package]]
name = "tempfile"
version = "3.1.0"
source = "registry+https://github.com/rust-lang/crates.io-index"
dependencies = [
 "cfg-if 0.1.10 (registry+https://github.com/rust-lang/crates.io-index)",
 "libc 0.2.66 (registry+https://github.com/rust-lang/crates.io-index)",
 "rand 0.7.2 (registry+https://github.com/rust-lang/crates.io-index)",
 "redox_syscall 0.1.56 (registry+https://github.com/rust-lang/crates.io-index)",
 "remove_dir_all 0.5.2 (registry+https://github.com/rust-lang/crates.io-index)",
 "winapi 0.3.8 (registry+https://github.com/rust-lang/crates.io-index)",
]

[[package]]
name = "termcolor"
version = "1.0.5"
source = "registry+https://github.com/rust-lang/crates.io-index"
dependencies = [
 "wincolor 1.0.2 (registry+https://github.com/rust-lang/crates.io-index)",
]

[[package]]
name = "thread_local"
version = "0.3.6"
source = "registry+https://github.com/rust-lang/crates.io-index"
dependencies = [
 "lazy_static 1.4.0 (registry+https://github.com/rust-lang/crates.io-index)",
]

[[package]]
name = "unicode-segmentation"
version = "1.6.0"
source = "registry+https://github.com/rust-lang/crates.io-index"

[[package]]
name = "unicode-xid"
version = "0.1.0"
source = "registry+https://github.com/rust-lang/crates.io-index"

[[package]]
name = "unicode-xid"
version = "0.2.0"
source = "registry+https://github.com/rust-lang/crates.io-index"

[[package]]
name = "uuid"
version = "0.8.1"
source = "registry+https://github.com/rust-lang/crates.io-index"
dependencies = [
 "rand 0.7.2 (registry+https://github.com/rust-lang/crates.io-index)",
]

[[package]]
name = "wasi"
version = "0.7.0"
source = "registry+https://github.com/rust-lang/crates.io-index"

[[package]]
name = "which"
version = "2.0.1"
source = "registry+https://github.com/rust-lang/crates.io-index"
dependencies = [
 "failure 0.1.6 (registry+https://github.com/rust-lang/crates.io-index)",
 "libc 0.2.66 (registry+https://github.com/rust-lang/crates.io-index)",
]

[[package]]
name = "winapi"
version = "0.3.8"
source = "registry+https://github.com/rust-lang/crates.io-index"
dependencies = [
 "winapi-i686-pc-windows-gnu 0.4.0 (registry+https://github.com/rust-lang/crates.io-index)",
 "winapi-x86_64-pc-windows-gnu 0.4.0 (registry+https://github.com/rust-lang/crates.io-index)",
]

[[package]]
name = "winapi-i686-pc-windows-gnu"
version = "0.4.0"
source = "registry+https://github.com/rust-lang/crates.io-index"

[[package]]
name = "winapi-util"
version = "0.1.2"
source = "registry+https://github.com/rust-lang/crates.io-index"
dependencies = [
 "winapi 0.3.8 (registry+https://github.com/rust-lang/crates.io-index)",
]

[[package]]
name = "winapi-x86_64-pc-windows-gnu"
version = "0.4.0"
source = "registry+https://github.com/rust-lang/crates.io-index"

[[package]]
name = "wincolor"
version = "1.0.2"
source = "registry+https://github.com/rust-lang/crates.io-index"
dependencies = [
 "winapi 0.3.8 (registry+https://github.com/rust-lang/crates.io-index)",
 "winapi-util 0.1.2 (registry+https://github.com/rust-lang/crates.io-index)",
]

[metadata]
"checksum aho-corasick 0.7.6 (registry+https://github.com/rust-lang/crates.io-index)" = "58fb5e95d83b38284460a5fda7d6470aa0b8844d283a0b614b8535e880800d2d"
"checksum atty 0.2.13 (registry+https://github.com/rust-lang/crates.io-index)" = "1803c647a3ec87095e7ae7acfca019e98de5ec9a7d01343f611cf3152ed71a90"
"checksum autocfg 0.1.7 (registry+https://github.com/rust-lang/crates.io-index)" = "1d49d90015b3c36167a20fe2810c5cd875ad504b39cff3d4eae7977e6b7c1cb2"
"checksum backtrace 0.3.40 (registry+https://github.com/rust-lang/crates.io-index)" = "924c76597f0d9ca25d762c25a4d369d51267536465dc5064bdf0eb073ed477ea"
"checksum backtrace-sys 0.1.32 (registry+https://github.com/rust-lang/crates.io-index)" = "5d6575f128516de27e3ce99689419835fce9643a9b215a14d2b5b685be018491"
"checksum byteorder 1.3.2 (registry+https://github.com/rust-lang/crates.io-index)" = "a7c3dd8985a7111efc5c80b44e23ecdd8c007de8ade3b96595387e812b957cf5"
"checksum bytes 0.4.12 (registry+https://github.com/rust-lang/crates.io-index)" = "206fdffcfa2df7cbe15601ef46c813fce0965eb3286db6b56c583b814b51c81c"
"checksum c2-chacha 0.2.3 (registry+https://github.com/rust-lang/crates.io-index)" = "214238caa1bf3a496ec3392968969cab8549f96ff30652c9e56885329315f6bb"
"checksum cc 1.0.48 (registry+https://github.com/rust-lang/crates.io-index)" = "f52a465a666ca3d838ebbf08b241383421412fe7ebb463527bba275526d89f76"
"checksum cfg-if 0.1.10 (registry+https://github.com/rust-lang/crates.io-index)" = "4785bdd1c96b2a846b2bd7cc02e86b6b3dbf14e7e53446c4f54c92a361040822"
"checksum crossbeam-deque 0.7.2 (registry+https://github.com/rust-lang/crates.io-index)" = "c3aa945d63861bfe624b55d153a39684da1e8c0bc8fba932f7ee3a3c16cea3ca"
"checksum crossbeam-epoch 0.8.0 (registry+https://github.com/rust-lang/crates.io-index)" = "5064ebdbf05ce3cb95e45c8b086f72263f4166b29b97f6baff7ef7fe047b55ac"
"checksum crossbeam-queue 0.2.1 (registry+https://github.com/rust-lang/crates.io-index)" = "c695eeca1e7173472a32221542ae469b3e9aac3a4fc81f7696bcad82029493db"
"checksum crossbeam-utils 0.7.0 (registry+https://github.com/rust-lang/crates.io-index)" = "ce446db02cdc3165b94ae73111e570793400d0794e46125cc4056c81cbb039f4"
"checksum either 1.5.3 (registry+https://github.com/rust-lang/crates.io-index)" = "bb1f6b1ce1c140482ea30ddd3335fc0024ac7ee112895426e0a629a6c20adfe3"
"checksum env_logger 0.6.2 (registry+https://github.com/rust-lang/crates.io-index)" = "aafcde04e90a5226a6443b7aabdb016ba2f8307c847d524724bd9b346dd1a2d3"
"checksum failure 0.1.6 (registry+https://github.com/rust-lang/crates.io-index)" = "f8273f13c977665c5db7eb2b99ae520952fe5ac831ae4cd09d80c4c7042b5ed9"
"checksum failure_derive 0.1.6 (registry+https://github.com/rust-lang/crates.io-index)" = "0bc225b78e0391e4b8683440bf2e63c2deeeb2ce5189eab46e2b68c6d3725d08"
"checksum fixedbitset 0.1.9 (registry+https://github.com/rust-lang/crates.io-index)" = "86d4de0081402f5e88cdac65c8dcdcc73118c1a7a465e2a05f0da05843a8ea33"
"checksum fuchsia-cprng 0.1.1 (registry+https://github.com/rust-lang/crates.io-index)" = "a06f77d526c1a601b7c4cdd98f54b5eaabffc14d5f2f0296febdc7f357c6d3ba"
"checksum futures 0.1.29 (registry+https://github.com/rust-lang/crates.io-index)" = "1b980f2816d6ee8673b6517b52cb0e808a180efc92e5c19d02cdda79066703ef"
"checksum futures-cpupool 0.1.8 (registry+https://github.com/rust-lang/crates.io-index)" = "ab90cde24b3319636588d0c35fe03b1333857621051837ed769faefb4c2162e4"
"checksum futures-timer 0.1.1 (registry+https://github.com/rust-lang/crates.io-index)" = "a5cedfe9b6dc756220782cc1ba5bcb1fa091cdcba155e40d3556159c3db58043"
"checksum getrandom 0.1.13 (registry+https://github.com/rust-lang/crates.io-index)" = "e7db7ca94ed4cd01190ceee0d8a8052f08a247aa1b469a7f68c6a3b71afcf407"
"checksum hashbrown 0.1.8 (registry+https://github.com/rust-lang/crates.io-index)" = "3bae29b6653b3412c2e71e9d486db9f9df5d701941d86683005efb9f2d28e3da"
"checksum heck 0.3.1 (registry+https://github.com/rust-lang/crates.io-index)" = "20564e78d53d2bb135c343b3f47714a56af2061f1c928fdb541dc7b9fdd94205"
"checksum hermit-abi 0.1.5 (registry+https://github.com/rust-lang/crates.io-index)" = "f629dc602392d3ec14bfc8a09b5e644d7ffd725102b48b81e59f90f2633621d7"
"checksum humantime 1.3.0 (registry+https://github.com/rust-lang/crates.io-index)" = "df004cfca50ef23c36850aaaa59ad52cc70d0e90243c3c7737a4dd32dc7a3c4f"
"checksum iovec 0.1.4 (registry+https://github.com/rust-lang/crates.io-index)" = "b2b3ea6ff95e175473f8ffe6a7eb7c00d054240321b84c57051175fe3c1e075e"
"checksum itertools 0.8.2 (registry+https://github.com/rust-lang/crates.io-index)" = "f56a2d0bc861f9165be4eb3442afd3c236d8a98afd426f65d92324ae1091a484"
"checksum lazy_static 1.4.0 (registry+https://github.com/rust-lang/crates.io-index)" = "e2abad23fbc42b3700f2f279844dc832adb2b2eb069b2df918f455c4e18cc646"
"checksum libc 0.2.66 (registry+https://github.com/rust-lang/crates.io-index)" = "d515b1f41455adea1313a4a2ac8a8a477634fbae63cc6100e3aebb207ce61558"
"checksum log 0.4.8 (registry+https://github.com/rust-lang/crates.io-index)" = "14b6052be84e6b71ab17edffc2eeabf5c2c3ae1fdb464aae35ac50c67a44e1f7"
"checksum memchr 2.2.1 (registry+https://github.com/rust-lang/crates.io-index)" = "88579771288728879b57485cc7d6b07d648c9f0141eb955f8ab7f9d45394468e"
"checksum memoffset 0.5.3 (registry+https://github.com/rust-lang/crates.io-index)" = "75189eb85871ea5c2e2c15abbdd541185f63b408415e5051f5cac122d8c774b9"
"checksum multimap 0.4.0 (registry+https://github.com/rust-lang/crates.io-index)" = "2eb04b9f127583ed176e163fb9ec6f3e793b87e21deedd5734a69386a18a0151"
"checksum num_cpus 1.11.1 (registry+https://github.com/rust-lang/crates.io-index)" = "76dac5ed2a876980778b8b85f75a71b6cbf0db0b1232ee12f826bccb00d09d72"
"checksum petgraph 0.4.13 (registry+https://github.com/rust-lang/crates.io-index)" = "9c3659d1ee90221741f65dd128d9998311b0e40c5d3c23a62445938214abce4f"
"checksum ppv-lite86 0.2.6 (registry+https://github.com/rust-lang/crates.io-index)" = "74490b50b9fbe561ac330df47c08f3f33073d2d00c150f719147d7c54522fa1b"
"checksum proc-macro2 0.4.30 (registry+https://github.com/rust-lang/crates.io-index)" = "cf3d2011ab5c909338f7887f4fc896d35932e29146c12c8d01da6b22a80ba759"
"checksum proc-macro2 1.0.8 (registry+https://github.com/rust-lang/crates.io-index)" = "3acb317c6ff86a4e579dfa00fc5e6cca91ecbb4e7eb2df0468805b674eb88548"
"checksum prost 0.5.0 (registry+https://github.com/rust-lang/crates.io-index)" = "96d14b1c185652833d24aaad41c5832b0be5616a590227c1fbff57c616754b23"
"checksum prost-build 0.5.0 (registry+https://github.com/rust-lang/crates.io-index)" = "eb788126ea840817128183f8f603dce02cb7aea25c2a0b764359d8e20010702e"
"checksum prost-derive 0.5.0 (registry+https://github.com/rust-lang/crates.io-index)" = "5e7dc378b94ac374644181a2247cebf59a6ec1c88b49ac77f3a94b86b79d0e11"
"checksum prost-types 0.5.0 (registry+https://github.com/rust-lang/crates.io-index)" = "1de482a366941c8d56d19b650fac09ca08508f2a696119ee7513ad590c8bac6f"
"checksum quick-error 1.2.2 (registry+https://github.com/rust-lang/crates.io-index)" = "9274b940887ce9addde99c4eee6b5c44cc494b182b97e73dc8ffdcb3397fd3f0"
"checksum quote 0.6.13 (registry+https://github.com/rust-lang/crates.io-index)" = "6ce23b6b870e8f94f81fb0a363d65d86675884b34a09043c81e5562f11c1f8e1"
"checksum quote 1.0.2 (registry+https://github.com/rust-lang/crates.io-index)" = "053a8c8bcc71fcce321828dc897a98ab9760bef03a4fc36693c231e5b3216cfe"
"checksum rand 0.4.6 (registry+https://github.com/rust-lang/crates.io-index)" = "552840b97013b1a26992c11eac34bdd778e464601a4c2054b5f0bff7c6761293"
"checksum rand 0.7.2 (registry+https://github.com/rust-lang/crates.io-index)" = "3ae1b169243eaf61759b8475a998f0a385e42042370f3a7dbaf35246eacc8412"
"checksum rand_chacha 0.2.1 (registry+https://github.com/rust-lang/crates.io-index)" = "03a2a90da8c7523f554344f921aa97283eadf6ac484a6d2a7d0212fa7f8d6853"
"checksum rand_core 0.3.1 (registry+https://github.com/rust-lang/crates.io-index)" = "7a6fdeb83b075e8266dcc8762c22776f6877a63111121f5f8c7411e5be7eed4b"
"checksum rand_core 0.4.2 (registry+https://github.com/rust-lang/crates.io-index)" = "9c33a3c44ca05fa6f1807d8e6743f3824e8509beca625669633be0acbdf509dc"
"checksum rand_core 0.5.1 (registry+https://github.com/rust-lang/crates.io-index)" = "90bde5296fc891b0cef12a6d03ddccc162ce7b2aff54160af9338f8d40df6d19"
"checksum rand_hc 0.2.0 (registry+https://github.com/rust-lang/crates.io-index)" = "ca3129af7b92a17112d59ad498c6f81eaf463253766b90396d39ea7a39d6613c"
"checksum rayon 1.3.0 (registry+https://github.com/rust-lang/crates.io-index)" = "db6ce3297f9c85e16621bb8cca38a06779ffc31bb8184e1be4bed2be4678a098"
"checksum rayon-core 1.7.0 (registry+https://github.com/rust-lang/crates.io-index)" = "08a89b46efaf957e52b18062fb2f4660f8b8a4dde1807ca002690868ef2c85a9"
"checksum rdrand 0.4.0 (registry+https://github.com/rust-lang/crates.io-index)" = "678054eb77286b51581ba43620cc911abf02758c91f93f479767aed0f90458b2"
"checksum redox_syscall 0.1.56 (registry+https://github.com/rust-lang/crates.io-index)" = "2439c63f3f6139d1b57529d16bc3b8bb855230c8efcc5d3a896c8bea7c3b1e84"
"checksum regex 1.3.1 (registry+https://github.com/rust-lang/crates.io-index)" = "dc220bd33bdce8f093101afe22a037b8eb0e5af33592e6a9caafff0d4cb81cbd"
"checksum regex-syntax 0.6.12 (registry+https://github.com/rust-lang/crates.io-index)" = "11a7e20d1cce64ef2fed88b66d347f88bd9babb82845b2b858f3edbf59a4f716"
"checksum remove_dir_all 0.5.2 (registry+https://github.com/rust-lang/crates.io-index)" = "4a83fa3702a688b9359eccba92d153ac33fd2e8462f9e0e3fdf155239ea7792e"
"checksum rustc-demangle 0.1.16 (registry+https://github.com/rust-lang/crates.io-index)" = "4c691c0e608126e00913e33f0ccf3727d5fc84573623b8d65b2df340b5201783"
"checksum rustc_version 0.2.3 (registry+https://github.com/rust-lang/crates.io-index)" = "138e3e0acb6c9fb258b19b67cb8abd63c00679d2851805ea151465464fe9030a"
"checksum scopeguard 0.3.3 (registry+https://github.com/rust-lang/crates.io-index)" = "94258f53601af11e6a49f722422f6e3425c52b06245a5cf9bc09908b174f5e27"
"checksum scopeguard 1.0.0 (registry+https://github.com/rust-lang/crates.io-index)" = "b42e15e59b18a828bbf5c58ea01debb36b9b096346de35d941dcb89009f24a0d"
"checksum semver 0.9.0 (registry+https://github.com/rust-lang/crates.io-index)" = "1d7eb9ef2c18661902cc47e535f9bc51b78acd254da71d375c2f6720d9a40403"
"checksum semver-parser 0.7.0 (registry+https://github.com/rust-lang/crates.io-index)" = "388a1df253eca08550bef6c72392cfe7c30914bf41df5269b68cbd6ff8f570a3"
"checksum syn 0.15.44 (registry+https://github.com/rust-lang/crates.io-index)" = "9ca4b3b69a77cbe1ffc9e198781b7acb0c7365a883670e8f1c1bc66fba79a5c5"
"checksum syn 1.0.14 (registry+https://github.com/rust-lang/crates.io-index)" = "af6f3550d8dff9ef7dc34d384ac6f107e5d31c8f57d9f28e0081503f547ac8f5"
"checksum synstructure 0.12.3 (registry+https://github.com/rust-lang/crates.io-index)" = "67656ea1dc1b41b1451851562ea232ec2e5a80242139f7e679ceccfb5d61f545"
"checksum tempfile 3.1.0 (registry+https://github.com/rust-lang/crates.io-index)" = "7a6e24d9338a0a5be79593e2fa15a648add6138caa803e2d5bc782c371732ca9"
"checksum termcolor 1.0.5 (registry+https://github.com/rust-lang/crates.io-index)" = "96d6098003bde162e4277c70665bd87c326f5a0c3f3fbfb285787fa482d54e6e"
"checksum thread_local 0.3.6 (registry+https://github.com/rust-lang/crates.io-index)" = "c6b53e329000edc2b34dbe8545fd20e55a333362d0a321909685a19bd28c3f1b"
"checksum unicode-segmentation 1.6.0 (registry+https://github.com/rust-lang/crates.io-index)" = "e83e153d1053cbb5a118eeff7fd5be06ed99153f00dbcd8ae310c5fb2b22edc0"
"checksum unicode-xid 0.1.0 (registry+https://github.com/rust-lang/crates.io-index)" = "fc72304796d0818e357ead4e000d19c9c174ab23dc11093ac919054d20a6a7fc"
"checksum unicode-xid 0.2.0 (registry+https://github.com/rust-lang/crates.io-index)" = "826e7639553986605ec5979c7dd957c7895e93eabed50ab2ffa7f6128a75097c"
"checksum uuid 0.8.1 (registry+https://github.com/rust-lang/crates.io-index)" = "9fde2f6a4bea1d6e007c4ad38c6839fa71cbb63b6dbf5b595aa38dc9b1093c11"
"checksum wasi 0.7.0 (registry+https://github.com/rust-lang/crates.io-index)" = "b89c3ce4ce14bdc6fb6beaf9ec7928ca331de5df7e5ea278375642a2f478570d"
"checksum which 2.0.1 (registry+https://github.com/rust-lang/crates.io-index)" = "b57acb10231b9493c8472b20cb57317d0679a49e0bdbee44b3b803a6473af164"
"checksum winapi 0.3.8 (registry+https://github.com/rust-lang/crates.io-index)" = "8093091eeb260906a183e6ae1abdba2ef5ef2257a21801128899c3fc699229c6"
"checksum winapi-i686-pc-windows-gnu 0.4.0 (registry+https://github.com/rust-lang/crates.io-index)" = "ac3b87c63620426dd9b991e5ce0329eff545bccbbb34f3be09ff6fb6ab51b7b6"
"checksum winapi-util 0.1.2 (registry+https://github.com/rust-lang/crates.io-index)" = "7168bab6e1daee33b4557efd0e95d5ca70a03706d39fa5f3fe7a236f584b03c9"
"checksum winapi-x86_64-pc-windows-gnu 0.4.0 (registry+https://github.com/rust-lang/crates.io-index)" = "712e227841d057c1ee1cd2fb22fa7e5a5461ae8e48fa2ca79ec42cfc1931183f"
"checksum wincolor 1.0.2 (registry+https://github.com/rust-lang/crates.io-index)" = "96f5016b18804d24db43cebf3c77269e7569b8954a8464501c216cc5e070eaa9"
