# THIS IS AN AUTOGENERATED FILE. DO NOT EDIT THIS FILE DIRECTLY.
# yarn lockfile v1


marked@^0.6.0:
  version "0.6.0"
  resolved "https://registry.yarnpkg.com/marked/-/marked-0.6.0.tgz#a18d01cfdcf8d15c3c455b71c8329e5e0f01faa1"

reveal.js@^3.7.0:
  version "3.7.0"
  resolved "https://registry.yarnpkg.com/reveal.js/-/reveal.js-3.7.0.tgz#7afaf72fd963000381289d58f3aa54c0c46b150c"
